
Microsoft Visual Studio Solution File, Format Version 12.00
# Visual Studio Version 16
VisualStudioVersion = 16.0.28803.202
MinimumVisualStudioVersion = 10.0.40219.1
Project("{FAE04EC0-301F-11D3-BF4B-00C04F79EFBC}") = "MobileDevices", "MobileDevices\MobileDevices.csproj", "{C839D12E-2362-4F93-B383-84F392D3C110}"
EndProject
Global
	GlobalSection(SolutionConfigurationPlatforms) = preSolution
		Debug|Any CPU = Debug|Any CPU
		Release|Any CPU = Release|Any CPU
	EndGlobalSection
	GlobalSection(ProjectConfigurationPlatforms) = postSolution
		{C839D12E-2362-4F93-B383-84F392D3C110}.Debug|Any CPU.ActiveCfg = Debug|Any CPU
		{C839D12E-2362-4F93-B383-84F392D3C110}.Debug|Any CPU.Build.0 = Debug|Any CPU
		{C839D12E-2362-4F93-B383-84F392D3C110}.Release|Any CPU.ActiveCfg = Release|Any CPU
		{C839D12E-2362-4F93-B383-84F392D3C110}.Release|Any CPU.Build.0 = Release|Any CPU
	EndGlobalSection
	GlobalSection(SolutionProperties) = preSolution
		HideSolutionNode = FALSE
	EndGlobalSection
	GlobalSection(ExtensibilityGlobals) = postSolution
		SolutionGuid = {69BC9F00-3F03-4D20-BB91-FB2DB732C761}
	EndGlobalSection
EndGlobal
